# THIS IS AN AUTOGENERATED FILE. DO NOT EDIT THIS FILE DIRECTLY.
# yarn lockfile v1


"@types/unist@^2.0.0", "@types/unist@^2.0.2":
  version "2.0.3"
  resolved "https://registry.yarnpkg.com/@types/unist/-/unist-2.0.3.tgz#9c088679876f374eb5983f150d4787aa6fb32d7e"
  integrity sha512-FvUupuM3rlRsRtCN+fDudtmytGO6iHJuuRKS1Ss0pG5z8oX0diNEw94UEL7hgDbpN94rgaK5R7sWm6RrSkZuAQ==

array-iterate@^1.0.0:
  version "1.1.4"
  resolved "https://registry.yarnpkg.com/array-iterate/-/array-iterate-1.1.4.tgz#add1522e9dd9749bb41152d08b845bd08d6af8b7"
  integrity sha512-sNRaPGh9nnmdC8Zf+pT3UqP8rnWj5Hf9wiFGsX3wUQ2yVSIhO2ShFwCoceIPpB41QF6i2OEmrHmCo36xronCVA==

bail@^1.0.0:
  version "1.0.5"
  resolved "https://registry.yarnpkg.com/bail/-/bail-1.0.5.tgz#b6fa133404a392cbc1f8c4bf63f5953351e7a776"
  integrity sha512-xFbRxM1tahm08yHBP16MMjVUAvDaBMD38zsM9EMAUN61omwLmKlOpB/Zku5QkjZ8TZ4vn53pj+t518cH0S03RQ==

ccount@^1.0.0:
  version "1.0.5"
  resolved "https://registry.yarnpkg.com/ccount/-/ccount-1.0.5.tgz#ac82a944905a65ce204eb03023157edf29425c17"
  integrity sha512-MOli1W+nfbPLlKEhInaxhRdp7KVLFxLN5ykwzHgLsLI3H3gs5jjFAK4Eoj3OzzcxCtumDaI8onoVDeQyWaNTkw==

character-entities-html4@^1.0.0:
  version "1.1.4"
  resolved "https://registry.yarnpkg.com/character-entities-html4/-/character-entities-html4-1.1.4.tgz#0e64b0a3753ddbf1fdc044c5fd01d0199a02e125"
  integrity sha512-HRcDxZuZqMx3/a+qrzxdBKBPUpxWEq9xw2OPZ3a/174ihfrQKVsFhqtthBInFy1zZ9GgZyFXOatNujm8M+El3g==

character-entities-legacy@^1.0.0:
  version "1.1.4"
  resolved "https://registry.yarnpkg.com/character-entities-legacy/-/character-entities-legacy-1.1.4.tgz#94bc1845dce70a5bb9d2ecc748725661293d8fc1"
  integrity sha512-3Xnr+7ZFS1uxeiUDvV02wQ+QDbc55o97tIV5zHScSPJpcLm/r0DFPcoY3tYRp+VZukxuMeKgXYmsXQHO05zQeA==

character-entities@^1.0.0:
  version "1.2.4"
  resolved "https://registry.yarnpkg.com/character-entities/-/character-entities-1.2.4.tgz#e12c3939b7eaf4e5b15e7ad4c5e28e1d48c5b16b"
  integrity sha512-iBMyeEHxfVnIakwOuDXpVkc54HijNgCyQB2w0VfGQThle6NXn50zU6V/u+LDhxHcDUPojn6Kpga3PTAD8W1bQw==

character-reference-invalid@^1.0.0:
  version "1.1.4"
  resolved "https://registry.yarnpkg.com/character-reference-invalid/-/character-reference-invalid-1.1.4.tgz#083329cda0eae272ab3dbbf37e9a382c13af1560"
  integrity sha512-mKKUkUbhPpQlCOfIuZkvSEgktjPFIsZKRRbC6KWVEMvlzblj3i3asQv5ODsrwt0N3pHAEvjP8KTQPHkp0+6jOg==

clean-css@^4.0.12:
  version "4.2.2"
  resolved "https://registry.yarnpkg.com/clean-css/-/clean-css-4.2.2.tgz#8519abda724b3e759bc79d196369906925d81a3f"
  integrity sha512-yKycArwReQXbOD/3pmsPmt6p7oUBww8MisDabL2pCUWkbVONvCJoBdCjgY4ZVQmKX5juz/JB9oDcP6XzGUpjwQ==
  dependencies:
    source-map "~0.6.0"

collapse-white-space@^1.0.0, collapse-white-space@^1.0.2:
  version "1.0.6"
  resolved "https://registry.yarnpkg.com/collapse-white-space/-/collapse-white-space-1.0.6.tgz#e63629c0016665792060dbbeb79c42239d2c5287"
  integrity sha512-jEovNnrhMuqyCcjfEJA56v0Xq8SkIoPKDyaHahwo3POf4qcSXqMYuwNcOTzp74vTsR9Tn08z4MxWqAhcekogkQ==

comma-separated-tokens@^1.0.1, comma-separated-tokens@^1.0.2:
  version "1.0.8"
  resolved "https://registry.yarnpkg.com/comma-separated-tokens/-/comma-separated-tokens-1.0.8.tgz#632b80b6117867a158f1080ad498b2fbe7e3f5ea"
  integrity sha512-GHuDRO12Sypu2cV70d1dkA2EUmXHgntrzbpvOB+Qy+49ypNfGgFQIC2fhhXbnyrJRynDCAARsT7Ou0M6hirpfw==

commander@~2.20.3:
  version "2.20.3"
  resolved "https://registry.yarnpkg.com/commander/-/commander-2.20.3.tgz#fd485e84c03eb4881c20722ba48035e8531aeb33"
  integrity sha512-GpVkmM8vF2vQUkj2LvZmD35JxeJOLCwJ9cUkugyk2nuhbv3+mJvpLYYt+0+USMxE+oj+ey/lJEnhZw75x/OMcQ==

detab@^2.0.0:
  version "2.0.3"
  resolved "https://registry.yarnpkg.com/detab/-/detab-2.0.3.tgz#33e5dd74d230501bd69985a0d2b9a3382699a130"
  integrity sha512-Up8P0clUVwq0FnFjDclzZsy9PadzRn5FFxrr47tQQvMHqyiFYVbpH8oXDzWtF0Q7pYy3l+RPmtBl+BsFF6wH0A==
  dependencies:
    repeat-string "^1.5.4"

extend@^3.0.0:
  version "3.0.2"
  resolved "https://registry.yarnpkg.com/extend/-/extend-3.0.2.tgz#f8b1136b4071fbd8eb140aff858b1019ec2915fa"
  integrity sha512-fjquC59cD7CyW6urNXK0FBufkZcoiGG80wTuPujX590cB5Ttln20E2UB4S/WARVqhXffZl2LNgS+gQdPIIim/g==

flatmap@0.0.3:
  version "0.0.3"
  resolved "https://registry.yarnpkg.com/flatmap/-/flatmap-0.0.3.tgz#1f18a4d938152d495965f9c958d923ab2dd669b4"
  integrity sha1-Hxik2TgVLUlZZfnJWNkjqy3WabQ=

hast-util-embedded@^1.0.0:
  version "1.0.4"
  resolved "https://registry.yarnpkg.com/hast-util-embedded/-/hast-util-embedded-1.0.4.tgz#6f5820da4cc42b6937b2a047fb42006480aeee6f"
  integrity sha512-kfCMiRzYPWx9I6KYdW5DCS+WM6xRmAtfrPd2yEG+5cuwquEh0Qh2sV7CX0tbdes/nmm2lBTGLURh0GmRb2txgQ==
  dependencies:
    hast-util-is-element "^1.0.0"

hast-util-from-string@^1.0.0:
  version "1.0.2"
  resolved "https://registry.yarnpkg.com/hast-util-from-string/-/hast-util-from-string-1.0.2.tgz#7861ae5be7abe5cc115c0d93c14ab1fa3fe2681a"
  integrity sha512-UPZiw0UhWGWrk9+57w+/vi0m0MqhcnZJhOkKDxkx4pWw2nzx0lIDtyybIpPgYxp02J9TTQZI+ugpCl6UTTzTEg==

hast-util-has-property@^1.0.0:
  version "1.0.3"
  resolved "https://registry.yarnpkg.com/hast-util-has-property/-/hast-util-has-property-1.0.3.tgz#568bb8d3048483797b21d5d409eae43d89135a0f"
  integrity sha512-tT3ffSnrBu38RKnjn27n9vi+h/CUEXCQP5O2mriji4NNI2QNnhAqefjOg5ORAyvVfJItn0SC2Sx4CHReZSYh3g==

hast-util-is-body-ok-link@^1.0.0:
  version "1.0.2"
  resolved "https://registry.yarnpkg.com/hast-util-is-body-ok-link/-/hast-util-is-body-ok-link-1.0.2.tgz#5f232779c9dc5a1508ccc18410c32f2dd9a3dc21"
  integrity sha512-eSxO9rgtb7dfKxNa8NAFS3VEYWHXnJWVsoH/Z4jSsq1J2i4H1GkdJ43kXv++xuambrtI5XQwcAx6jeZVMjoBMQ==
  dependencies:
    hast-util-has-property "^1.0.0"
    hast-util-is-element "^1.0.0"

hast-util-is-conditional-comment@^1.0.0:
  version "1.0.2"
  resolved "https://registry.yarnpkg.com/hast-util-is-conditional-comment/-/hast-util-is-conditional-comment-1.0.2.tgz#c3e4846129e930cfa1e614d7493a4aa1f8eec788"
  integrity sha512-CtWtCWzqbbGzUAKIoNhNEFjYYRYNA7rJUVHLmO9he+jZWceHx5+6FK0G/EG3H1IbJCbDEiS5asv+vZPXUSZ/wA==

hast-util-is-css-link@^1.0.0:
  version "1.0.2"
  resolved "https://registry.yarnpkg.com/hast-util-is-css-link/-/hast-util-is-css-link-1.0.2.tgz#2259d202941008ca29f1bde1c98c2d51456e401d"
  integrity sha512-GuT/zYTENmSI5b29UwBJ9G9Bw1SY+fBVFumRXk1YvYvPSmwUD0q4CBF1D5sgrpHMyXiH87r/TGuDeEm7vPq9iA==
  dependencies:
    trim "^0.0.1"

hast-util-is-css-style@^1.0.0:
  version "1.0.2"
  resolved "https://registry.yarnpkg.com/hast-util-is-css-style/-/hast-util-is-css-style-1.0.2.tgz#80f1ba6d296f3075f99be412683c7b8a1baec6f1"
  integrity sha512-7eylk3A82SsKZpujZ4AwfzkYdsdzxVgXKo6A/tKhqBCbk0+8HQWCIpJlTAiTb12HmxQkc/ZnqAgv1AlyFPiiMg==
  dependencies:
    trim "0.0.1"

hast-util-is-element@^1.0.0:
  version "1.0.3"
  resolved "https://registry.yarnpkg.com/hast-util-is-element/-/hast-util-is-element-1.0.3.tgz#423b4b26fe8bf1f25950fe052e9ce8f83fd5f6a4"
  integrity sha512-C62CVn7jbjp89yOhhy7vrkSaB7Vk906Gtcw/Ihd+Iufnq+2pwOZjdPmpzpKLWJXPJBMDX3wXg4FqmdOayPcewA==

hast-util-is-event-handler@^1.0.0:
  version "1.0.2"
  resolved "https://registry.yarnpkg.com/hast-util-is-event-handler/-/hast-util-is-event-handler-1.0.2.tgz#fc5549506052255cf4119f33515211f34a09eb81"
  integrity sha512-HRmEHC1epnHZE9XGscXvapIkAh7pifiUWpMCoqKYB6XyLfoDGMCD2gzVn8oQIE9rX2E8ljdLU+JAwKvhrBZdMw==

hast-util-is-javascript@^1.0.0:
  version "1.0.2"
  resolved "https://registry.yarnpkg.com/hast-util-is-javascript/-/hast-util-is-javascript-1.0.2.tgz#c61d33d12da4bcf6724af655814b265822d60334"
  integrity sha512-/g/+q7R3J4+4H4ocq0J3HOFh7eDBWP9pV+bd2N7WTVxm0W3wJM3mEzF2rfbRSDQV5TdkDRJAfd1QBHgTLfp3pw==
  dependencies:
    hast-util-has-property "^1.0.0"
    hast-util-is-element "^1.0.0"
    trim "0.0.1"

hast-util-to-html@^6.0.0:
  version "6.1.0"
  resolved "https://registry.yarnpkg.com/hast-util-to-html/-/hast-util-to-html-6.1.0.tgz#86bcd19c3bd46af456984f8f34db16298c2b10b0"
  integrity sha512-IlC+LG2HGv0Y8js3wqdhg9O2sO4iVpRDbHOPwXd7qgeagpGsnY49i8yyazwqS35RA35WCzrBQE/n0M6GG/ewxA==
  dependencies:
    ccount "^1.0.0"
    comma-separated-tokens "^1.0.1"
    hast-util-is-element "^1.0.0"
    hast-util-whitespace "^1.0.0"
    html-void-elements "^1.0.0"
    property-information "^5.2.0"
    space-separated-tokens "^1.0.0"
    stringify-entities "^2.0.0"
    unist-util-is "^3.0.0"
    xtend "^4.0.1"

hast-util-to-string@^1.0.0:
  version "1.0.2"
  resolved "https://registry.yarnpkg.com/hast-util-to-string/-/hast-util-to-string-1.0.2.tgz#fcf6d46bde2a50a1fbcaf6ed238971a51b622eac"
  integrity sha512-fQNr0n5KJmZW1TmBfXbc4DO0ucZmseUw3T6K4PDsUUTMtTGGLZMUYRB8mOKgPgtw7rtICdxxpRQZmWwo8KxlOA==

hast-util-whitespace@^1.0.0:
  version "1.0.3"
  resolved "https://registry.yarnpkg.com/hast-util-whitespace/-/hast-util-whitespace-1.0.3.tgz#6d161b307bd0693b5ec000c7c7e8b5445109ee34"
  integrity sha512-AlkYiLTTwPOyxZ8axq2/bCwRUPjIPBfrHkXuCR92B38b3lSdU22R5F/Z4DL6a2kxWpekWq1w6Nj48tWat6GeRA==

html-url-attributes@^1.0.0:
  version "1.0.1"
  resolved "https://registry.yarnpkg.com/html-url-attributes/-/html-url-attributes-1.0.1.tgz#8c1d1cc97422129c59d23e15c85f06d290d142a5"
  integrity sha512-X2t5tYfi/N3/XjiUuitUFzErCyMledzoXZCBwUZPnPhbSGbYFQ0SY1f84gTd9t+UUwT5lSF0/WIhP6eKsydTwQ==

html-void-elements@^1.0.0:
  version "1.0.5"
  resolved "https://registry.yarnpkg.com/html-void-elements/-/html-void-elements-1.0.5.tgz#ce9159494e86d95e45795b166c2021c2cfca4483"
  integrity sha512-uE/TxKuyNIcx44cIWnjr/rfIATDH7ZaOMmstu0CwhFG1Dunhlp4OC6/NMbhiwoq5BpW0ubi303qnEk/PZj614w==

html-whitespace-sensitive-tag-names@^1.0.0:
  version "1.0.1"
  resolved "https://registry.yarnpkg.com/html-whitespace-sensitive-tag-names/-/html-whitespace-sensitive-tag-names-1.0.1.tgz#df3c6d97cb825d38e5d9b7d29cccb115cfc139cb"
  integrity sha512-TMdAWVry7Ld0k2sLqpHkWsFAHmU+VZZq/nR4bfwfxThD8q3ibhrpRTywyQkEiunYiZXmJ6gRcJiLbZm+jbQPgQ==

inherits@^2.0.0:
  version "2.0.4"
  resolved "https://registry.yarnpkg.com/inherits/-/inherits-2.0.4.tgz#0fa2c64f932917c3433a0ded55363aae37416b7c"
  integrity sha512-k/vGaX4/Yla3WzyMCvTQOXYeIHvqOKtnqBduzTHpzpQZzAskKMhZ2K+EnBiSM9zGSoIFeMpXKxa4dYeZIQqewQ==

is-alphabetical@^1.0.0:
  version "1.0.4"
  resolved "https://registry.yarnpkg.com/is-alphabetical/-/is-alphabetical-1.0.4.tgz#9e7d6b94916be22153745d184c298cbf986a686d"
  integrity sha512-DwzsA04LQ10FHTZuL0/grVDk4rFoVH1pjAToYwBrHSxcrBIGQuXrQMtD5U1b0U2XVgKZCTLLP8u2Qxqhy3l2Vg==

is-alphanumerical@^1.0.0:
  version "1.0.4"
  resolved "https://registry.yarnpkg.com/is-alphanumerical/-/is-alphanumerical-1.0.4.tgz#7eb9a2431f855f6b1ef1a78e326df515696c4dbf"
  integrity sha512-UzoZUr+XfVz3t3v4KyGEniVL9BDRoQtY7tOyrRybkVNjDFWyo1yhXNGrrBTQxp3ib9BLAWs7k2YKBQsFRkZG9A==
  dependencies:
    is-alphabetical "^1.0.0"
    is-decimal "^1.0.0"

is-buffer@^2.0.0:
  version "2.0.4"
  resolved "https://registry.yarnpkg.com/is-buffer/-/is-buffer-2.0.4.tgz#3e572f23c8411a5cfd9557c849e3665e0b290623"
  integrity sha512-Kq1rokWXOPXWuaMAqZiJW4XxsmD9zGx9q4aePabbn3qCRGedtH7Cm+zV8WETitMfu1wdh+Rvd6w5egwSngUX2A==

is-decimal@^1.0.0, is-decimal@^1.0.2:
  version "1.0.4"
  resolved "https://registry.yarnpkg.com/is-decimal/-/is-decimal-1.0.4.tgz#65a3a5958a1c5b63a706e1b333d7cd9f630d3fa5"
  integrity sha512-RGdriMmQQvZ2aqaQq3awNA6dCGtKpiDFcOzrTWrDAT2MiWrKQVPmxLGHl7Y2nNu6led0kEyoX0enY0qXYsv9zw==

is-hexadecimal@^1.0.0:
  version "1.0.4"
  resolved "https://registry.yarnpkg.com/is-hexadecimal/-/is-hexadecimal-1.0.4.tgz#cc35c97588da4bd49a8eedd6bc4082d44dcb23a7"
  integrity sha512-gyPJuv83bHMpocVYoqof5VDiZveEoGoFL8m3BXNb2VW8Xs+rz9kqO8LOQ5DH6EsuvilT1ApazU0pyl+ytbPtlw==

is-plain-obj@^2.0.0:
  version "2.1.0"
  resolved "https://registry.yarnpkg.com/is-plain-obj/-/is-plain-obj-2.1.0.tgz#45e42e37fccf1f40da8e5f76ee21515840c09287"
  integrity sha512-YWnfyRwxL/+SsrWYfOpUtz5b3YD+nyfkHvjbcanzk8zgyO4ASD67uVMRt8k5bM4lLMDnXfriRhOpemw+NfT1eA==

is-whitespace-character@^1.0.0:
  version "1.0.4"
  resolved "https://registry.yarnpkg.com/is-whitespace-character/-/is-whitespace-character-1.0.4.tgz#0858edd94a95594c7c9dd0b5c174ec6e45ee4aa7"
  integrity sha512-SDweEzfIZM0SJV0EUga669UTKlmL0Pq8Lno0QDQsPnvECB3IM2aP0gdx5TrU0A01MAPfViaZiI2V1QMZLaKK5w==

is-word-character@^1.0.0:
  version "1.0.4"
  resolved "https://registry.yarnpkg.com/is-word-character/-/is-word-character-1.0.4.tgz#ce0e73216f98599060592f62ff31354ddbeb0230"
  integrity sha512-5SMO8RVennx3nZrqtKwCGyyetPE9VDba5ugvKLaD4KopPG5kR4mQ7tNt/r7feL5yt5h3lpuBbIUmCOG2eSzXHA==

markdown-escapes@^1.0.0:
  version "1.0.4"
  resolved "https://registry.yarnpkg.com/markdown-escapes/-/markdown-escapes-1.0.4.tgz#c95415ef451499d7602b91095f3c8e8975f78535"
  integrity sha512-8z4efJYk43E0upd0NbVXwgSTQs6cT3T06etieCMEg7dRbzCbxUCK/GHlX8mhHRDcp+OLlHkPKsvqQTCvsRl2cg==

mdast-util-definitions@^1.2.0:
  version "1.2.5"
  resolved "https://registry.yarnpkg.com/mdast-util-definitions/-/mdast-util-definitions-1.2.5.tgz#3fe622a4171c774ebd06f11e9f8af7ec53ea5c74"
  integrity sha512-CJXEdoLfiISCDc2JB6QLb79pYfI6+GcIH+W2ox9nMc7od0Pz+bovcHsiq29xAQY6ayqe/9CsK2VzkSJdg1pFYA==
  dependencies:
    unist-util-visit "^1.0.0"

mdast-util-to-hast@^6.0.0:
  version "6.0.2"
  resolved "https://registry.yarnpkg.com/mdast-util-to-hast/-/mdast-util-to-hast-6.0.2.tgz#24a8791b7c624118637d70f03a9d29116e4311cf"
  integrity sha512-GjcOimC9qHI0yNFAQdBesrZXzUkRdFleQlcoU8+TVNfDW6oLUazUx8MgUoTaUyCJzBOnE5AOgqhpURrSlf0QwQ==
  dependencies:
    collapse-white-space "^1.0.0"
    detab "^2.0.0"
    mdast-util-definitions "^1.2.0"
    mdurl "^1.0.1"
    trim "0.0.1"
    trim-lines "^1.0.0"
    unist-builder "^1.0.1"
    unist-util-generated "^1.1.0"
    unist-util-position "^3.0.0"
    unist-util-visit "^1.1.0"
    xtend "^4.0.1"

mdurl@^1.0.1:
  version "1.0.1"
  resolved "https://registry.yarnpkg.com/mdurl/-/mdurl-1.0.1.tgz#fe85b2ec75a59037f2adfec100fd6c601761152e"
  integrity sha1-/oWy7HWlkDfyrf7BAP1sYBdhFS4=

object-assign@^4.1.0:
  version "4.1.1"
  resolved "https://registry.yarnpkg.com/object-assign/-/object-assign-4.1.1.tgz#2109adc7965887cfc05cbbd442cac8bfbb360863"
  integrity sha1-IQmtx5ZYh8/AXLvUQsrIv7s2CGM=

parse-entities@^1.1.0:
  version "1.2.2"
  resolved "https://registry.yarnpkg.com/parse-entities/-/parse-entities-1.2.2.tgz#c31bf0f653b6661354f8973559cb86dd1d5edf50"
  integrity sha512-NzfpbxW/NPrzZ/yYSoQxyqUZMZXIdCfE0OIN4ESsnptHJECoUk3FZktxNuzQf4tjt5UEopnxpYJbvYuxIFDdsg==
  dependencies:
    character-entities "^1.0.0"
    character-entities-legacy "^1.0.0"
    character-reference-invalid "^1.0.0"
    is-alphanumerical "^1.0.0"
    is-decimal "^1.0.0"
    is-hexadecimal "^1.0.0"

prettier@^1.19.1:
  version "1.19.1"
  resolved "https://registry.yarnpkg.com/prettier/-/prettier-1.19.1.tgz#f7d7f5ff8a9cd872a7be4ca142095956a60797cb"
  integrity sha512-s7PoyDv/II1ObgQunCbB9PdLmUcBZcnWOcxDh7O0N/UwDEsHyqkW+Qh28jW+mVuCdx7gLB0BotYI1Y6uI9iyew==

property-information@^5.2.0:
  version "5.4.0"
  resolved "https://registry.yarnpkg.com/property-information/-/property-information-5.4.0.tgz#16e08f13f4e5c4a7be2e4ec431c01c4f8dba869a"
  integrity sha512-nmMWAm/3vKFGmmOWOcdLjgq/Hlxa+hsuR/px1Lp/UGEyc5A22A6l78Shc2C0E71sPmAqglni+HrS7L7VJ7AUCA==
  dependencies:
    xtend "^4.0.0"

rehype-minify-attribute-whitespace@^2.0.0:
  version "2.0.0"
  resolved "https://registry.yarnpkg.com/rehype-minify-attribute-whitespace/-/rehype-minify-attribute-whitespace-2.0.0.tgz#d2285384788a8cc534b7e8de26947b2eaf138a2d"
  integrity sha512-WgjZldfjgGk5rKp3uccObwLBKsIbXP42K4SUNwf0B23RUT1Fn6s7kYuORVKNWtjL/cw42YKkOx6xSiXgzcGJow==
  dependencies:
    hast-util-has-property "^1.0.0"
    hast-util-is-element "^1.0.0"
    hast-util-is-event-handler "^1.0.0"
    trim "^0.0.1"
    unist-util-visit "^2.0.0"
    x-is-array "^0.1.0"

rehype-minify-css-style@^2.0.0:
  version "2.0.0"
  resolved "https://registry.yarnpkg.com/rehype-minify-css-style/-/rehype-minify-css-style-2.0.0.tgz#02adbf14b5fe97fc3b7dc980566a68bbde458432"
  integrity sha512-3b2tqPm7ZmqRCm3XeQJQSEAAeccukBcjdNNC/4KH8S/9Jddo+6KSQlJ7CzKAKHXL5KYzs3L2VE4UH9tH3zCrhA==
  dependencies:
    clean-css "^4.0.12"
    hast-util-from-string "^1.0.0"
    hast-util-is-css-style "^1.0.0"
    hast-util-to-string "^1.0.0"
    unist-util-visit "^2.0.0"

rehype-minify-enumerated-attribute@^3.0.0:
  version "3.0.0"
  resolved "https://registry.yarnpkg.com/rehype-minify-enumerated-attribute/-/rehype-minify-enumerated-attribute-3.0.0.tgz#193bb67d67fd9b33dfd5a15b1c7f2fa0ac83f451"
  integrity sha512-SIgwXLLjPsZN5pCB0eG17tX3Dn9JEUqQA4CFSYtPXqiRmt9RnONhoRmrrbsYKhN4yZjTaTWyz6egFTIp3DehKQ==
  dependencies:
    hast-util-has-property "^1.0.0"
    hast-util-is-element "^1.0.0"
    unist-util-visit "^2.0.0"

rehype-minify-event-handler@^2.0.0:
  version "2.0.0"
  resolved "https://registry.yarnpkg.com/rehype-minify-event-handler/-/rehype-minify-event-handler-2.0.0.tgz#d5298773d4e89bda9a80d486c30cc1c8d80d65f4"
  integrity sha512-cRi015c7BeBJube3AZicBgd52GmZWeIEUAepsZaugoGO8YIx9VWUcu+Ha/QOSwdIF3ANBIwNyJrOVkW8LTox/A==
  dependencies:
    hast-util-has-property "^1.0.0"
    hast-util-is-event-handler "^1.0.0"
    trim "0.0.1"
    uglify-js "^3.0.18"
    unist-util-visit "^2.0.0"

rehype-minify-javascript-script@^3.0.0:
  version "3.0.0"
  resolved "https://registry.yarnpkg.com/rehype-minify-javascript-script/-/rehype-minify-javascript-script-3.0.0.tgz#7e9c0abc83c6c1c8c3b8aadddac816ded721eaf1"
  integrity sha512-32vAG+XeBqCwR7gJBuQb4u8do/QgGbzMIj2U+KNcpDkhRwXpYaeQ9+HNsvkcTMIoDUUQbDCIS+zCTe62KPmKEA==
  dependencies:
    hast-util-from-string "^1.0.0"
    hast-util-has-property "^1.0.0"
    hast-util-is-javascript "^1.0.0"
    hast-util-to-string "^1.0.0"
    uglify-js "^3.0.18"
    unist-util-visit "^2.0.0"

rehype-minify-javascript-url@^3.0.0:
  version "3.0.0"
  resolved "https://registry.yarnpkg.com/rehype-minify-javascript-url/-/rehype-minify-javascript-url-3.0.0.tgz#9ce98b8812acd1a3c7d596a4c9eebea4af083049"
  integrity sha512-m6+7qiOcxixA7F0gN7oA4hh6qfiyrj9J1GVodqEEQPTkrUaodehYXdeTvjoM69smXOVnhi0CKn3eta4Gl0am4Q==
  dependencies:
    hast-util-has-property "^1.0.0"
    hast-util-is-element "^1.0.0"
    html-url-attributes "^1.0.0"
    trim "0.0.1"
    uglify-js "^3.0.18"
    unist-util-visit "^2.0.0"

rehype-minify-json-script@^2.0.0:
  version "2.0.0"
  resolved "https://registry.yarnpkg.com/rehype-minify-json-script/-/rehype-minify-json-script-2.0.0.tgz#3a376829d01aaaef7ee4ec4757b62d6cd57f1a96"
  integrity sha512-L53m0XgawbAisiixGoG+DRXRHObjRbYcl++mG79VTSeNr13BDci1EdtoaHhpUuxtkNPQBFa1z9cpOFdXr9/Lpw==
  dependencies:
    hast-util-from-string "^1.0.0"
    hast-util-is-element "^1.0.0"
    hast-util-to-string "^1.0.0"
    unist-util-visit "^2.0.0"

rehype-minify-media-attribute@^2.0.0:
  version "2.0.0"
  resolved "https://registry.yarnpkg.com/rehype-minify-media-attribute/-/rehype-minify-media-attribute-2.0.0.tgz#581cd70b83552bb223e95da7c0d8bbecc81d49f5"
  integrity sha512-ZfJOhAGANfZcu2Cqzq34L6Y6Q5mZtLrXLO+OoLEZyPyzeqUWFRuq1EdSIceHgZ7l31fH3qevJZHa2L5cxKnueA==
  dependencies:
    clean-css "^4.0.12"
    hast-util-is-element "^1.0.0"
    unist-util-visit "^2.0.0"

rehype-minify-meta-color@^2.0.0:
  version "2.0.0"
  resolved "https://registry.yarnpkg.com/rehype-minify-meta-color/-/rehype-minify-meta-color-2.0.0.tgz#32aba7fb0f7a37b019591dad72af42da185e29fe"
  integrity sha512-FNvDxQ+kiX35VyyYagOnjiSLLOyI8EhREC+BNKhw1b1IRdnvcS6iByOZNf/PiEAdw9+YZfxwZZHEh7ODQjutqw==
  dependencies:
    clean-css "^4.0.12"
    hast-util-has-property "^1.0.0"
    hast-util-is-element "^1.0.0"
    unist-util-visit "^2.0.0"

rehype-minify-meta-content@^2.0.0:
  version "2.0.0"
  resolved "https://registry.yarnpkg.com/rehype-minify-meta-content/-/rehype-minify-meta-content-2.0.0.tgz#00c0cabfa7c4aa2e5a47b2611a75c875d5718796"
  integrity sha512-5EFcs5yx7ss40RvSRXAf2Zesp3vcsRPwuVIYdx8MZILCkUZPWsKF2+he5sOjs7BH+oRa9M6k6oKGDoJIMRCjFA==
  dependencies:
    comma-separated-tokens "^1.0.2"
    hast-util-has-property "^1.0.0"
    hast-util-is-element "^1.0.0"
    unist-util-visit "^2.0.0"

rehype-minify-style-attribute@^2.0.0:
  version "2.0.0"
  resolved "https://registry.yarnpkg.com/rehype-minify-style-attribute/-/rehype-minify-style-attribute-2.0.0.tgz#dfa93023074b972be76f7bd2fa121f7ef8bb890c"
  integrity sha512-t4YGBbbzCTp3w7h/Tey4MTVgwlDCzwaJbKVjg1GUNKgd3llHFLLCT0lC5tOEUka3jpyCe9guyVAU9MWU7UMAbw==
  dependencies:
    clean-css "^4.0.12"
    hast-util-has-property "^1.0.0"
    unist-util-visit "^2.0.0"

rehype-minify-whitespace@^3.0.0:
  version "3.0.0"
  resolved "https://registry.yarnpkg.com/rehype-minify-whitespace/-/rehype-minify-whitespace-3.0.0.tgz#13475cd3b16d02fcf2eb228c9304c35a835d81e2"
  integrity sha512-Z5NIG9FxTeK2Ta+eTWCnTVPXu1qC58eCXZA3m/Z7PPinKw82KSR+12c2l1sLLSg27QZOmZrrd9piS8dsAVfliQ==
  dependencies:
    collapse-white-space "^1.0.0"
    hast-util-embedded "^1.0.0"
    hast-util-has-property "^1.0.0"
    hast-util-is-body-ok-link "^1.0.0"
    hast-util-is-element "^1.0.0"
    html-whitespace-sensitive-tag-names "^1.0.0"
    unist-util-is "^4.0.0"
    unist-util-modify-children "^1.0.0"

rehype-normalize-attribute-value-case@^2.0.0:
  version "2.0.0"
  resolved "https://registry.yarnpkg.com/rehype-normalize-attribute-value-case/-/rehype-normalize-attribute-value-case-2.0.0.tgz#af36db5504e0615d891e224bb8176c98b08720e9"
  integrity sha512-3QlNiIov5G4YzNYvWDNK+2mkzXNqpmKZKA9O9u1E7m0lonnVePi3FyC4apKfYmcWNrqAw/wMnbJIGUg9dMKRLw==
  dependencies:
    hast-util-has-property "^1.0.0"
    hast-util-is-element "^1.0.0"
    unist-util-visit "^2.0.0"
    x-is-array "^0.1.0"

rehype-preset-minify@^4.0.0:
  version "4.0.0"
  resolved "https://registry.yarnpkg.com/rehype-preset-minify/-/rehype-preset-minify-4.0.0.tgz#1e31a4ff2550c08ae338f92f26925df5d03219e9"
  integrity sha512-xfsb4W8dPYFFnhPrz0ZI6x7y9mxCV+st60hrC6u8WnSYwad3X6uFEkEhmLrOxaz1bSC/2MCtkWoEFbcEDxiSfA==
  dependencies:
    rehype-minify-attribute-whitespace "^2.0.0"
    rehype-minify-css-style "^2.0.0"
    rehype-minify-enumerated-attribute "^3.0.0"
    rehype-minify-event-handler "^2.0.0"
    rehype-minify-javascript-script "^3.0.0"
    rehype-minify-javascript-url "^3.0.0"
    rehype-minify-json-script "^2.0.0"
    rehype-minify-media-attribute "^2.0.0"
    rehype-minify-meta-color "^2.0.0"
    rehype-minify-meta-content "^2.0.0"
    rehype-minify-style-attribute "^2.0.0"
    rehype-minify-whitespace "^3.0.0"
    rehype-normalize-attribute-value-case "^2.0.0"
    rehype-remove-comments "^3.0.0"
    rehype-remove-duplicate-attribute-values "^2.0.0"
    rehype-remove-empty-attribute "^2.0.0"
    rehype-remove-external-script-content "^2.0.0"
    rehype-remove-meta-http-equiv "^2.0.0"
    rehype-remove-script-type-javascript "^2.0.0"
    rehype-remove-style-type-css "^2.0.0"
    rehype-sort-attribute-values "^3.0.0"
    rehype-sort-attributes "^3.0.0"

rehype-remove-comments@^3.0.0:
  version "3.0.0"
  resolved "https://registry.yarnpkg.com/rehype-remove-comments/-/rehype-remove-comments-3.0.0.tgz#eb93a832c7b94e45d5a3faba2583de6384ac8043"
  integrity sha512-gChqDxsxKHa8IAoMHAPv6bZA9OCZYYiIZUAvyJEn74lvcTymaqwVDvvrzxt1on7OAVrRO6aL2ljpC7JiIo7r9A==
  dependencies:
    hast-util-is-conditional-comment "^1.0.0"
    unist-util-filter "^1.0.0"

rehype-remove-duplicate-attribute-values@^2.0.0:
  version "2.0.0"
  resolved "https://registry.yarnpkg.com/rehype-remove-duplicate-attribute-values/-/rehype-remove-duplicate-attribute-values-2.0.0.tgz#a2dda4e69035333fae3b75379753bc3b6cbdfb64"
  integrity sha512-VYK3KL40tEpfFzksWJLb0HFXtshRvzj1d56FoCq18htPW/3nSi5GZgS7vYnM0exhBZwCye8E1LkG+Y5Y0QBUQg==
  dependencies:
    hast-util-is-element "^1.0.0"
    uniq "^1.0.1"
    unist-util-visit "^2.0.0"
    x-is-array "^0.1.0"

rehype-remove-empty-attribute@^2.0.0:
  version "2.0.0"
  resolved "https://registry.yarnpkg.com/rehype-remove-empty-attribute/-/rehype-remove-empty-attribute-2.0.0.tgz#cffc1159f962a7cc30a839c3fc6cb4fb77f31454"
  integrity sha512-yokoRlA3oQpRAt3TFmyuI7WPySmwzPzv+cYxv4r/YvFPIxew7YsTk4OF05jLdc5OBMpIA8USYUnIICEHqk4FPw==
  dependencies:
    hast-util-is-element "^1.0.0"
    hast-util-is-event-handler "^1.0.0"
    unist-util-visit "^2.0.0"
    x-is-array "^0.1.0"

rehype-remove-external-script-content@^2.0.0:
  version "2.0.0"
  resolved "https://registry.yarnpkg.com/rehype-remove-external-script-content/-/rehype-remove-external-script-content-2.0.0.tgz#5823a19d46b57fc156f482d37f30a8b025ea0710"
  integrity sha512-C0Y6+ax5fI3dmTPicBIILM5KlIi61r016ipn4AtyxSWoAk0i5DDX68khb2pNJWYMEr17pIYal+fl7pZPji6lbA==
  dependencies:
    hast-util-has-property "^1.0.0"
    hast-util-is-javascript "^1.0.0"
    unist-util-visit "^2.0.0"

rehype-remove-meta-http-equiv@^2.0.0:
  version "2.0.0"
  resolved "https://registry.yarnpkg.com/rehype-remove-meta-http-equiv/-/rehype-remove-meta-http-equiv-2.0.0.tgz#15d2c414d5cbed91eb602b5aae9e78f6c0ee6007"
  integrity sha512-rpzLLSWyvw/YpGw9JZ9sVLjc7U3hldFBJ2R1QoEJh59Hhjq/oQ30FnIEa34jO+DM2ZX/6Wn0g4wbwXh4rsa3Yg==
  dependencies:
    hast-util-has-property "^1.0.0"
    hast-util-is-element "^1.0.0"
    space-separated-tokens "^1.0.0"
    unist-util-visit "^2.0.0"

rehype-remove-script-type-javascript@^2.0.0:
  version "2.0.0"
  resolved "https://registry.yarnpkg.com/rehype-remove-script-type-javascript/-/rehype-remove-script-type-javascript-2.0.0.tgz#7ee410b30f9b6c1c1040f2f8798704dc15558158"
  integrity sha512-P9yCatMKegX0XRXljgzjIJ6DTlSvtVgsCfFXDUCEtxUUnMZokftlJ+ueuW3KxjzXzeDGrWVwFKal98ZCSm0WQA==
  dependencies:
    hast-util-is-javascript "^1.0.0"
    unist-util-visit "^2.0.0"

rehype-remove-style-type-css@^2.0.0:
  version "2.0.0"
  resolved "https://registry.yarnpkg.com/rehype-remove-style-type-css/-/rehype-remove-style-type-css-2.0.0.tgz#670360ce52295f01cb44bb2b8ded6330e1bd21cd"
  integrity sha512-LfazPEgp/LNhEP5IrQcoFoSkZn2N9PsHYceV+oOpaFPJwO5onq5yVFQT609HxXcRZJeaHhEHQ7P6gONrIbyRhA==
  dependencies:
    hast-util-is-css-link "^1.0.0"
    hast-util-is-css-style "^1.0.0"
    unist-util-visit "^2.0.0"

rehype-sort-attribute-values@^3.0.0:
  version "3.0.0"
  resolved "https://registry.yarnpkg.com/rehype-sort-attribute-values/-/rehype-sort-attribute-values-3.0.0.tgz#8aed841879f24bca2395a609c38cdbdcc0840368"
  integrity sha512-3GV6uWO4Y4FzBcd7+WUMmWh4sO0eVgw/78BCrrfwdOBKHXThmGccgJigkfv9QOd9bwxEpLjtIadO/RxpumLOOw==
  dependencies:
    hast-util-is-element "^1.0.0"
    unist-util-visit "^2.0.0"
    x-is-array "^0.1.0"

rehype-sort-attributes@^3.0.0:
  version "3.0.0"
  resolved "https://registry.yarnpkg.com/rehype-sort-attributes/-/rehype-sort-attributes-3.0.0.tgz#904c405ecc6cca969ee9016037991d21493e4e60"
  integrity sha512-RC4Dx4PmZulhnhh72+SJpeAFHrxLqfbiVn4KQDa6N/QDgsBxc1Gic9tFlZZyX7UpO+BEdSY44mmXrt03leVgFg==
  dependencies:
    unist-util-visit "^2.0.0"

rehype-stringify@^6.0.1:
  version "6.0.1"
  resolved "https://registry.yarnpkg.com/rehype-stringify/-/rehype-stringify-6.0.1.tgz#b6aa9f84d5276c5d247c62fc1ea15983a35a4575"
  integrity sha512-JfEPRDD4DiG7jet4md7sY07v6ACeb2x+9HWQtRPm2iA6/ic31hCv1SNBUtpolJASxQ/D8gicXiviW4TJKEMPKQ==
  dependencies:
    hast-util-to-html "^6.0.0"
    xtend "^4.0.0"

remark-parse@^7.0.2:
  version "7.0.2"
  resolved "https://registry.yarnpkg.com/remark-parse/-/remark-parse-7.0.2.tgz#41e7170d9c1d96c3d32cf1109600a9ed50dba7cf"
  integrity sha512-9+my0lQS80IQkYXsMA8Sg6m9QfXYJBnXjWYN5U+kFc5/n69t+XZVXU/ZBYr3cYH8FheEGf1v87rkFDhJ8bVgMA==
  dependencies:
    collapse-white-space "^1.0.2"
    is-alphabetical "^1.0.0"
    is-decimal "^1.0.0"
    is-whitespace-character "^1.0.0"
    is-word-character "^1.0.0"
    markdown-escapes "^1.0.0"
    parse-entities "^1.1.0"
    repeat-string "^1.5.4"
    state-toggle "^1.0.0"
    trim "0.0.1"
    trim-trailing-lines "^1.0.0"
    unherit "^1.0.4"
    unist-util-remove-position "^1.0.0"
    vfile-location "^2.0.0"
    xtend "^4.0.1"

remark-rehype@^5.0.0:
  version "5.0.0"
  resolved "https://registry.yarnpkg.com/remark-rehype/-/remark-rehype-5.0.0.tgz#dcf85b481bfaadf262ddde9b4ecefbb7f2673e70"
  integrity sha512-tgo+AeOotuh9FnGMkEPbE6C3OfdARqqSxT0H/KNGAiTwJLiDoRSm6x/ytqPZTyYSiQ/exbi/kx7k6uUvqYL1wQ==
  dependencies:
    mdast-util-to-hast "^6.0.0"

repeat-string@^1.5.4:
  version "1.6.1"
  resolved "https://registry.yarnpkg.com/repeat-string/-/repeat-string-1.6.1.tgz#8dcae470e1c88abc2d600fff4a776286da75e637"
  integrity sha1-jcrkcOHIirwtYA//Sndihtp15jc=

replace-ext@1.0.0:
  version "1.0.0"
  resolved "https://registry.yarnpkg.com/replace-ext/-/replace-ext-1.0.0.tgz#de63128373fcbf7c3ccfa4de5a480c45a67958eb"
  integrity sha1-3mMSg3P8v3w8z6TeWkgMRaZ5WOs=

source-map@~0.6.0, source-map@~0.6.1:
  version "0.6.1"
  resolved "https://registry.yarnpkg.com/source-map/-/source-map-0.6.1.tgz#74722af32e9614e9c287a8d0bbde48b5e2f1a263"
  integrity sha512-UjgapumWlbMhkBgzT7Ykc5YXUT46F0iKu8SGXq0bcwP5dz/h0Plj6enJqjz1Zbq2l5WaqYnrVbwWOWMyF3F47g==

space-separated-tokens@^1.0.0:
  version "1.1.5"
  resolved "https://registry.yarnpkg.com/space-separated-tokens/-/space-separated-tokens-1.1.5.tgz#85f32c3d10d9682007e917414ddc5c26d1aa6899"
  integrity sha512-q/JSVd1Lptzhf5bkYm4ob4iWPjx0KiRe3sRFBNrVqbJkFaBm5vbbowy1mymoPNLRa52+oadOhJ+K49wsSeSjTA==

state-toggle@^1.0.0:
  version "1.0.3"
  resolved "https://registry.yarnpkg.com/state-toggle/-/state-toggle-1.0.3.tgz#e123b16a88e143139b09c6852221bc9815917dfe"
  integrity sha512-d/5Z4/2iiCnHw6Xzghyhb+GcmF89bxwgXG60wjIiZaxnymbyOmI8Hk4VqHXiVVp6u2ysaskFfXg3ekCj4WNftQ==

stringify-entities@^2.0.0:
  version "2.0.0"
  resolved "https://registry.yarnpkg.com/stringify-entities/-/stringify-entities-2.0.0.tgz#fa7ca6614b355fb6c28448140a20c4ede7462827"
  integrity sha512-fqqhZzXyAM6pGD9lky/GOPq6V4X0SeTAFBl0iXb/BzOegl40gpf/bV3QQP7zULNYvjr6+Dx8SCaDULjVoOru0A==
  dependencies:
    character-entities-html4 "^1.0.0"
    character-entities-legacy "^1.0.0"
    is-alphanumerical "^1.0.0"
    is-decimal "^1.0.2"
    is-hexadecimal "^1.0.0"

trim-lines@^1.0.0:
  version "1.1.3"
  resolved "https://registry.yarnpkg.com/trim-lines/-/trim-lines-1.1.3.tgz#839514be82428fd9e7ec89e35081afe8f6f93115"
  integrity sha512-E0ZosSWYK2mkSu+KEtQ9/KqarVjA9HztOSX+9FDdNacRAq29RRV6ZQNgob3iuW8Htar9vAfEa6yyt5qBAHZDBA==

trim-trailing-lines@^1.0.0:
  version "1.1.3"
  resolved "https://registry.yarnpkg.com/trim-trailing-lines/-/trim-trailing-lines-1.1.3.tgz#7f0739881ff76657b7776e10874128004b625a94"
  integrity sha512-4ku0mmjXifQcTVfYDfR5lpgV7zVqPg6zV9rdZmwOPqq0+Zq19xDqEgagqVbc4pOOShbncuAOIs59R3+3gcF3ZA==

trim@0.0.1, trim@^0.0.1:
  version "0.0.1"
  resolved "https://registry.yarnpkg.com/trim/-/trim-0.0.1.tgz#5858547f6b290757ee95cccc666fb50084c460dd"
  integrity sha1-WFhUf2spB1fulczMZm+1AITEYN0=

trough@^1.0.0:
  version "1.0.5"
  resolved "https://registry.yarnpkg.com/trough/-/trough-1.0.5.tgz#b8b639cefad7d0bb2abd37d433ff8293efa5f406"
  integrity sha512-rvuRbTarPXmMb79SmzEp8aqXNKcK+y0XaB298IXueQ8I2PsrATcPBCSPyK/dDNa2iWOhKlfNnOjdAOTBU/nkFA==

uglify-js@^3.0.18:
  version "3.7.6"
  resolved "https://registry.yarnpkg.com/uglify-js/-/uglify-js-3.7.6.tgz#0783daa867d4bc962a37cc92f67f6e3238c47485"
  integrity sha512-yYqjArOYSxvqeeiYH2VGjZOqq6SVmhxzaPjJC1W2F9e+bqvFL9QXQ2osQuKUFjM2hGjKG2YclQnRKWQSt/nOTQ==
  dependencies:
    commander "~2.20.3"
    source-map "~0.6.1"

unherit@^1.0.4:
  version "1.1.3"
  resolved "https://registry.yarnpkg.com/unherit/-/unherit-1.1.3.tgz#6c9b503f2b41b262330c80e91c8614abdaa69c22"
  integrity sha512-Ft16BJcnapDKp0+J/rqFC3Rrk6Y/Ng4nzsC028k2jdDII/rdZ7Wd3pPT/6+vIIxRagwRc9K0IUX0Ra4fKvw+WQ==
  dependencies:
    inherits "^2.0.0"
    xtend "^4.0.0"

unified@^8.4.2:
  version "8.4.2"
  resolved "https://registry.yarnpkg.com/unified/-/unified-8.4.2.tgz#13ad58b4a437faa2751a4a4c6a16f680c500fff1"
  integrity sha512-JCrmN13jI4+h9UAyKEoGcDZV+i1E7BLFuG7OsaDvTXI5P0qhHX+vZO/kOhz9jn8HGENDKbwSeB0nVOg4gVStGA==
  dependencies:
    bail "^1.0.0"
    extend "^3.0.0"
    is-plain-obj "^2.0.0"
    trough "^1.0.0"
    vfile "^4.0.0"

uniq@^1.0.1:
  version "1.0.1"
  resolved "https://registry.yarnpkg.com/uniq/-/uniq-1.0.1.tgz#b31c5ae8254844a3a8281541ce2b04b865a734ff"
  integrity sha1-sxxa6CVIRKOoKBVBzisEuGWnNP8=

unist-builder@^1.0.1:
  version "1.0.4"
  resolved "https://registry.yarnpkg.com/unist-builder/-/unist-builder-1.0.4.tgz#e1808aed30bd72adc3607f25afecebef4dd59e17"
  integrity sha512-v6xbUPP7ILrT15fHGrNyHc1Xda8H3xVhP7/HAIotHOhVPjH5dCXA097C3Rry1Q2O+HbOLCao4hfPB+EYEjHgVg==
  dependencies:
    object-assign "^4.1.0"

unist-util-filter@^1.0.0:
  version "1.0.2"
  resolved "https://registry.yarnpkg.com/unist-util-filter/-/unist-util-filter-1.0.2.tgz#e6e4df8d3a54cc99482a8e882e9e37eb023251cc"
  integrity sha512-AIJXJNzI8bLStKz3UDt4IX7/GSfO0NeV/plrd5td4VfB0SBlYil7pGzaeBHI8/KXzTWPaPtIbpGK53jYd1kG9A==
  dependencies:
    flatmap "0.0.3"
    unist-util-is "^3.0.0"

unist-util-generated@^1.1.0:
  version "1.1.5"
  resolved "https://registry.yarnpkg.com/unist-util-generated/-/unist-util-generated-1.1.5.tgz#1e903e68467931ebfaea386dae9ea253628acd42"
  integrity sha512-1TC+NxQa4N9pNdayCYA1EGUOCAO0Le3fVp7Jzns6lnua/mYgwHo0tz5WUAfrdpNch1RZLHc61VZ1SDgrtNXLSw==

unist-util-is@^3.0.0:
  version "3.0.0"
  resolved "https://registry.yarnpkg.com/unist-util-is/-/unist-util-is-3.0.0.tgz#d9e84381c2468e82629e4a5be9d7d05a2dd324cd"
  integrity sha512-sVZZX3+kspVNmLWBPAB6r+7D9ZgAFPNWm66f7YNb420RlQSbn+n8rG8dGZSkrER7ZIXGQYNm5pqC3v3HopH24A==

unist-util-is@^4.0.0:
  version "4.0.1"
  resolved "https://registry.yarnpkg.com/unist-util-is/-/unist-util-is-4.0.1.tgz#ae3e39b9ad1b138c8e3b9d2f4658ad0031be4610"
  integrity sha512-7NYjErP4LJtkEptPR22wO5RsCPnHZZrop7t2SoQzjvpFedCFer4WW8ujj9GI5DkUX7yVcffXLjoURf6h2QUv6Q==

unist-util-modify-children@^1.0.0:
  version "1.1.5"
  resolved "https://registry.yarnpkg.com/unist-util-modify-children/-/unist-util-modify-children-1.1.5.tgz#3cac9a5aea60b33395226eac4e37f15e0f04a7af"
  integrity sha512-XeL5qqyoS3TEueCKEzHusWXE9JBDJPE4rl6LmcLOwlzv0RIZrcMNqKx02GSK3Ms4v45ldu+ltPxG42FBMVdPZw==
  dependencies:
    array-iterate "^1.0.0"

unist-util-position@^3.0.0:
  version "3.0.4"
  resolved "https://registry.yarnpkg.com/unist-util-position/-/unist-util-position-3.0.4.tgz#5872be7aec38629b971fdb758051f78817b0040a"
  integrity sha512-tWvIbV8goayTjobxDIr4zVTyG+Q7ragMSMeKC3xnPl9xzIc0+she8mxXLM3JVNDDsfARPbCd3XdzkyLdo7fF3g==

unist-util-remove-position@^1.0.0:
  version "1.1.4"
  resolved "https://registry.yarnpkg.com/unist-util-remove-position/-/unist-util-remove-position-1.1.4.tgz#ec037348b6102c897703eee6d0294ca4755a2020"
  integrity sha512-tLqd653ArxJIPnKII6LMZwH+mb5q+n/GtXQZo6S6csPRs5zB0u79Yw8ouR3wTw8wxvdJFhpP6Y7jorWdCgLO0A==
  dependencies:
    unist-util-visit "^1.1.0"

unist-util-stringify-position@^2.0.0:
  version "2.0.2"
  resolved "https://registry.yarnpkg.com/unist-util-stringify-position/-/unist-util-stringify-position-2.0.2.tgz#5a3866e7138d55974b640ec69a94bc19e0f3fa12"
  integrity sha512-nK5n8OGhZ7ZgUwoUbL8uiVRwAbZyzBsB/Ddrlbu6jwwubFza4oe15KlyEaLNMXQW1svOQq4xesUeqA85YrIUQA==
  dependencies:
    "@types/unist" "^2.0.2"

unist-util-visit-parents@^2.0.0:
  version "2.1.2"
  resolved "https://registry.yarnpkg.com/unist-util-visit-parents/-/unist-util-visit-parents-2.1.2.tgz#25e43e55312166f3348cae6743588781d112c1e9"
  integrity sha512-DyN5vD4NE3aSeB+PXYNKxzGsfocxp6asDc2XXE3b0ekO2BaRUpBicbbUygfSvYfUz1IkmjFR1YF7dPklraMZ2g==
  dependencies:
    unist-util-is "^3.0.0"

unist-util-visit-parents@^3.0.0:
  version "3.0.1"
  resolved "https://registry.yarnpkg.com/unist-util-visit-parents/-/unist-util-visit-parents-3.0.1.tgz#666883dc8684c6eec04a7e9781cdcd8b4888319f"
  integrity sha512-umEOTkm6/y1gIqPrqet55mYqlvGXCia/v1FSc5AveLAI7jFmOAIbqiwcHcviLcusAkEQt1bq2hixCKO9ltMb2Q==
  dependencies:
    "@types/unist" "^2.0.0"
    unist-util-is "^4.0.0"

unist-util-visit@^1.0.0, unist-util-visit@^1.1.0:
  version "1.4.1"
  resolved "https://registry.yarnpkg.com/unist-util-visit/-/unist-util-visit-1.4.1.tgz#4724aaa8486e6ee6e26d7ff3c8685960d560b1e3"
  integrity sha512-AvGNk7Bb//EmJZyhtRUnNMEpId/AZ5Ph/KUpTI09WHQuDZHKovQ1oEv3mfmKpWKtoMzyMC4GLBm1Zy5k12fjIw==
  dependencies:
    unist-util-visit-parents "^2.0.0"

unist-util-visit@^2.0.0:
  version "2.0.1"
  resolved "https://registry.yarnpkg.com/unist-util-visit/-/unist-util-visit-2.0.1.tgz#b4e1c1cb414250c6b3cb386b8e461d79312108ae"
  integrity sha512-bEDa5S/O8WRDeI1mLaMoKuFFi89AjF+UAoMNxO+bbVdo06q+53Vhq4iiv1PenL6Rx1ZxIpXIzqZoc5HD2I1oMA==
  dependencies:
    "@types/unist" "^2.0.0"
    unist-util-is "^4.0.0"
    unist-util-visit-parents "^3.0.0"

vfile-location@^2.0.0:
  version "2.0.6"
  resolved "https://registry.yarnpkg.com/vfile-location/-/vfile-location-2.0.6.tgz#8a274f39411b8719ea5728802e10d9e0dff1519e"
  integrity sha512-sSFdyCP3G6Ka0CEmN83A2YCMKIieHx0EDaj5IDP4g1pa5ZJ4FJDvpO0WODLxo4LUX4oe52gmSCK7Jw4SBghqxA==

vfile-message@^2.0.0:
  version "2.0.2"
  resolved "https://registry.yarnpkg.com/vfile-message/-/vfile-message-2.0.2.tgz#75ba05090ec758fa8420f2c11ce049bcddd8cf3e"
  integrity sha512-gNV2Y2fDvDOOqq8bEe7cF3DXU6QgV4uA9zMR2P8tix11l1r7zju3zry3wZ8sx+BEfuO6WQ7z2QzfWTvqHQiwsA==
  dependencies:
    "@types/unist" "^2.0.0"
    unist-util-stringify-position "^2.0.0"

vfile@^4.0.0:
  version "4.0.2"
  resolved "https://registry.yarnpkg.com/vfile/-/vfile-4.0.2.tgz#71af004d4a710b0e6be99c894655bc56126d5d56"
  integrity sha512-yhoTU5cDMSsaeaMfJ5g0bUKYkYmZhAh9fn9TZicxqn+Cw4Z439il2v3oT9S0yjlpqlI74aFOQCt3nOV+pxzlkw==
  dependencies:
    "@types/unist" "^2.0.0"
    is-buffer "^2.0.0"
    replace-ext "1.0.0"
    unist-util-stringify-position "^2.0.0"
    vfile-message "^2.0.0"

x-is-array@^0.1.0:
  version "0.1.0"
  resolved "https://registry.yarnpkg.com/x-is-array/-/x-is-array-0.1.0.tgz#de520171d47b3f416f5587d629b89d26b12dc29d"
  integrity sha1-3lIBcdR7P0FvVYfWKbidJrEtwp0=

xtend@^4.0.0, xtend@^4.0.1:
  version "4.0.2"
  resolved "https://registry.yarnpkg.com/xtend/-/xtend-4.0.2.tgz#bb72779f5fa465186b1f438f674fa347fdb5db54"
  integrity sha512-LKYU1iAXJXUgAXn9URjiu+MWhyUXHsvfp7mcuYm9dSUKK0/CjtrUwFAxD82/mCWbtLsGjFIad0wIsod4zrTAEQ==
